// !$*UTF8*$!
{
	archiveVersion = 1;
	classes = {
	};
	objectVersion = 45;
	objects = {

/* Begin PBXBuildFile section */
		1D3623260D0F684500981E51 /* CurrencyAppDelegate.m in Sources */ = {isa = PBXBuildFile; fileRef = 1D3623250D0F684500981E51 /* CurrencyAppDelegate.m */; };
		1D60589B0D05DD56006BFB54 /* main.m in Sources */ = {isa = PBXBuildFile; fileRef = 29B97316FDCFA39411CA2CEA /* main.m */; };
		1D60589F0D05DD5A006BFB54 /* Foundation.framework in Frameworks */ = {isa = PBXBuildFile; fileRef = 1D30AB110D05D00D00671497 /* Foundation.framework */; };
		1DF5F4E00D08C38300B7A737 /* UIKit.framework in Frameworks */ = {isa = PBXBuildFile; fileRef = 1DF5F4DF0D08C38300B7A737 /* UIKit.framework */; };
		288765080DF74369002DB57D /* CoreGraphics.framework in Frameworks */ = {isa = PBXBuildFile; fileRef = 288765070DF74369002DB57D /* CoreGraphics.framework */; };
		28AD73880D9D96C1002E5188 /* MainWindow.xib in Resources */ = {isa = PBXBuildFile; fileRef = 28AD73870D9D96C1002E5188 /* MainWindow.xib */; };
		D739E73F11E794510066B8AE /* homeViewController.m in Sources */ = {isa = PBXBuildFile; fileRef = D739E73D11E794510066B8AE /* homeViewController.m */; };
		D739E74011E794510066B8AE /* homeViewController.xib in Resources */ = {isa = PBXBuildFile; fileRef = D739E73E11E794510066B8AE /* homeViewController.xib */; };
		D739E74911E79A850066B8AE /* resultViewController.m in Sources */ = {isa = PBXBuildFile; fileRef = D739E74711E79A850066B8AE /* resultViewController.m */; };
		D739E74A11E79A850066B8AE /* resultViewController.xib in Resources */ = {isa = PBXBuildFile; fileRef = D739E74811E79A850066B8AE /* resultViewController.xib */; };
		D739E75311E7BA9D0066B8AE /* locationTableViewController.m in Sources */ = {isa = PBXBuildFile; fileRef = D739E75211E7BA9D0066B8AE /* locationTableViewController.m */; };
		D739E78F11E7C1080066B8AE /* recentsTableViewController.m in Sources */ = {isa = PBXBuildFile; fileRef = D739E78E11E7C1080066B8AE /* recentsTableViewController.m */; };
		D739E7A211E7DA740066B8AE /* currency.m in Sources */ = {isa = PBXBuildFile; fileRef = D739E7A111E7DA740066B8AE /* currency.m */; };
		D739E80E11E80EB10066B8AE /* pair.m in Sources */ = {isa = PBXBuildFile; fileRef = D739E80D11E80EB10066B8AE /* pair.m */; };
		D782E05C11EA85EB000D3803 /* Currency-data.plist in Resources */ = {isa = PBXBuildFile; fileRef = D782E05B11EA85EB000D3803 /* Currency-data.plist */; };
/* End PBXBuildFile section */

/* Begin PBXFileReference section */
		1D30AB110D05D00D00671497 /* Foundation.framework */ = {isa = PBXFileReference; lastKnownFileType = wrapper.framework; name = Foundation.framework; path = System/Library/Frameworks/Foundation.framework; sourceTree = SDKROOT; };
		1D3623240D0F684500981E51 /* CurrencyAppDelegate.h */ = {isa = PBXFileReference; fileEncoding = 4; lastKnownFileType = sourcecode.c.h; path = CurrencyAppDelegate.h; sourceTree = "<group>"; };
		1D3623250D0F684500981E51 /* CurrencyAppDelegate.m */ = {isa = PBXFileReference; fileEncoding = 4; lastKnownFileType = sourcecode.c.objc; path = CurrencyAppDelegate.m; sourceTree = "<group>"; };
		1D6058910D05DD3D006BFB54 /* Currency.app */ = {isa = PBXFileReference; explicitFileType = wrapper.application; includeInIndex = 0; path = Currency.app; sourceTree = BUILT_PRODUCTS_DIR; };
		1DF5F4DF0D08C38300B7A737 /* UIKit.framework */ = {isa = PBXFileReference; lastKnownFileType = wrapper.framework; name = UIKit.framework; path = System/Library/Frameworks/UIKit.framework; sourceTree = SDKROOT; };
		288765070DF74369002DB57D /* CoreGraphics.framework */ = {isa = PBXFileReference; lastKnownFileType = wrapper.framework; name = CoreGraphics.framework; path = System/Library/Frameworks/CoreGraphics.framework; sourceTree = SDKROOT; };
		28A0AB4B0D9B1048005BE974 /* Currency_Prefix.pch */ = {isa = PBXFileReference; fileEncoding = 4; lastKnownFileType = sourcecode.c.h; path = Currency_Prefix.pch; sourceTree = "<group>"; };
		28AD73870D9D96C1002E5188 /* MainWindow.xib */ = {isa = PBXFileReference; lastKnownFileType = file.xib; path = MainWindow.xib; sourceTree = "<group>"; };
		29B97316FDCFA39411CA2CEA /* main.m */ = {isa = PBXFileReference; fileEncoding = 4; lastKnownFileType = sourcecode.c.objc; path = main.m; sourceTree = "<group>"; };
		8D1107310486CEB800E47090 /* Currency-Info.plist */ = {isa = PBXFileReference; fileEncoding = 4; lastKnownFileType = text.plist.xml; path = "Currency-Info.plist"; plistStructureDefinitionIdentifier = "com.apple.xcode.plist.structure-definition.iphone.info-plist"; sourceTree = "<group>"; };
		D739E73C11E794510066B8AE /* homeViewContoller.h */ = {isa = PBXFileReference; fileEncoding = 4; lastKnownFileType = sourcecode.c.h; path = homeViewContoller.h; sourceTree = "<group>"; };
		D739E73D11E794510066B8AE /* homeViewController.m */ = {isa = PBXFileReference; fileEncoding = 4; lastKnownFileType = sourcecode.c.objc; path = homeViewController.m; sourceTree = "<group>"; };
		D739E73E11E794510066B8AE /* homeViewController.xib */ = {isa = PBXFileReference; lastKnownFileType = file.xib; name = homeViewController.xib; path = Classes/homeViewController.xib; sourceTree = "<group>"; };
		D739E74611E79A850066B8AE /* resultViewController.h */ = {isa = PBXFileReference; fileEncoding = 4; lastKnownFileType = sourcecode.c.h; path = resultViewController.h; sourceTree = "<group>"; };
		D739E74711E79A850066B8AE /* resultViewController.m */ = {isa = PBXFileReference; fileEncoding = 4; lastKnownFileType = sourcecode.c.objc; path = resultViewController.m; sourceTree = "<group>"; };
		D739E74811E79A850066B8AE /* resultViewController.xib */ = {isa = PBXFileReference; lastKnownFileType = file.xib; name = resultViewController.xib; path = Classes/resultViewController.xib; sourceTree = "<group>"; };
		D739E75111E7BA9D0066B8AE /* locationTableViewController.h */ = {isa = PBXFileReference; fileEncoding = 4; lastKnownFileType = sourcecode.c.h; name = locationTableViewController.h; path = ../locationTableViewController.h; sourceTree = "<group>"; };
		D739E75211E7BA9D0066B8AE /* locationTableViewController.m */ = {isa = PBXFileReference; fileEncoding = 4; lastKnownFileType = sourcecode.c.objc; name = locationTableViewController.m; path = ../locationTableViewController.m; sourceTree = "<group>"; };
		D739E78D11E7C1080066B8AE /* recentsTableViewController.h */ = {isa = PBXFileReference; fileEncoding = 4; lastKnownFileType = sourcecode.c.h; name = recentsTableViewController.h; path = ../recentsTableViewController.h; sourceTree = "<group>"; };
		D739E78E11E7C1080066B8AE /* recentsTableViewController.m */ = {isa = PBXFileReference; fileEncoding = 4; lastKnownFileType = sourcecode.c.objc; name = recentsTableViewController.m; path = ../recentsTableViewController.m; sourceTree = "<group>"; };
		D739E7A011E7DA740066B8AE /* currency.h */ = {isa = PBXFileReference; fileEncoding = 4; lastKnownFileType = sourcecode.c.h; name = currency.h; path = ../currency.h; sourceTree = "<group>"; };
		D739E7A111E7DA740066B8AE /* currency.m */ = {isa = PBXFileReference; fileEncoding = 4; lastKnownFileType = sourcecode.c.objc; name = currency.m; path = ../currency.m; sourceTree = "<group>"; };
		D739E80C11E80EB10066B8AE /* pair.h */ = {isa = PBXFileReference; fileEncoding = 4; lastKnownFileType = sourcecode.c.h; path = pair.h; sourceTree = "<group>"; };
		D739E80D11E80EB10066B8AE /* pair.m */ = {isa = PBXFileReference; fileEncoding = 4; lastKnownFileType = sourcecode.c.objc; path = pair.m; sourceTree = "<group>"; };
		D782E05B11EA85EB000D3803 /* Currency-data.plist */ = {isa = PBXFileReference; fileEncoding = 4; lastKnownFileType = text.plist.xml; path = "Currency-data.plist"; sourceTree = "<group>"; };
/* End PBXFileReference section */

/* Begin PBXFrameworksBuildPhase section */
		1D60588F0D05DD3D006BFB54 /* Frameworks */ = {
			isa = PBXFrameworksBuildPhase;
			buildActionMask = 2147483647;
			files = (
				1D60589F0D05DD5A006BFB54 /* Foundation.framework in Frameworks */,
				1DF5F4E00D08C38300B7A737 /* UIKit.framework in Frameworks */,
				288765080DF74369002DB57D /* CoreGraphics.framework in Frameworks */,
			);
			runOnlyForDeploymentPostprocessing = 0;
		};
/* End PBXFrameworksBuildPhase section */

/* Begin PBXGroup section */
		080E96DDFE201D6D7F000001 /* Classes */ = {
			isa = PBXGroup;
			children = (
				D739E7A011E7DA740066B8AE /* currency.h */,
				D739E7A111E7DA740066B8AE /* currency.m */,
				D739E78D11E7C1080066B8AE /* recentsTableViewController.h */,
				D739E78E11E7C1080066B8AE /* recentsTableViewController.m */,
				D739E74611E79A850066B8AE /* resultViewController.h */,
				D739E74711E79A850066B8AE /* resultViewController.m */,
				D739E73C11E794510066B8AE /* homeViewContoller.h */,
				D739E73D11E794510066B8AE /* homeViewController.m */,
				1D3623240D0F684500981E51 /* CurrencyAppDelegate.h */,
				1D3623250D0F684500981E51 /* CurrencyAppDelegate.m */,
				D739E75111E7BA9D0066B8AE /* locationTableViewController.h */,
				D739E75211E7BA9D0066B8AE /* locationTableViewController.m */,
				D739E80C11E80EB10066B8AE /* pair.h */,
				D739E80D11E80EB10066B8AE /* pair.m */,
			);
			path = Classes;
			sourceTree = "<group>";
		};
		19C28FACFE9D520D11CA2CBB /* Products */ = {
			isa = PBXGroup;
			children = (
				1D6058910D05DD3D006BFB54 /* Currency.app */,
			);
			name = Products;
			sourceTree = "<group>";
		};
		29B97314FDCFA39411CA2CEA /* Currency */ = {
			isa = PBXGroup;
			children = (
				080E96DDFE201D6D7F000001 /* Classes */,
				29B97315FDCFA39411CA2CEA /* Other Sources */,
				29B97317FDCFA39411CA2CEA /* Resources */,
				29B97323FDCFA39411CA2CEA /* Frameworks */,
				19C28FACFE9D520D11CA2CBB /* Products */,
			);
			name = Currency;
			sourceTree = "<group>";
		};
		29B97315FDCFA39411CA2CEA /* Other Sources */ = {
			isa = PBXGroup;
			children = (
				29B97316FDCFA39411CA2CEA /* main.m */,
			);
			name = "Other Sources";
			sourceTree = "<group>";
		};
		29B97317FDCFA39411CA2CEA /* Resources */ = {
			isa = PBXGroup;
			children = (
				D739E74811E79A850066B8AE /* resultViewController.xib */,
				D739E73E11E794510066B8AE /* homeViewController.xib */,
				28A0AB4B0D9B1048005BE974 /* Currency_Prefix.pch */,
				28AD73870D9D96C1002E5188 /* MainWindow.xib */,
				8D1107310486CEB800E47090 /* Currency-Info.plist */,
				D782E05B11EA85EB000D3803 /* Currency-data.plist */,
			);
			name = Resources;
			sourceTree = "<group>";
		};
		29B97323FDCFA39411CA2CEA /* Frameworks */ = {
			isa = PBXGroup;
			children = (
				1DF5F4DF0D08C38300B7A737 /* UIKit.framework */,
				1D30AB110D05D00D00671497 /* Foundation.framework */,
				288765070DF74369002DB57D /* CoreGraphics.framework */,
			);
			name = Frameworks;
			sourceTree = "<group>";
		};
/* End PBXGroup section */

/* Begin PBXNativeTarget section */
		1D6058900D05DD3D006BFB54 /* Currency */ = {
			isa = PBXNativeTarget;
			buildConfigurationList = 1D6058960D05DD3E006BFB54 /* Build configuration list for PBXNativeTarget "Currency" */;
			buildPhases = (
				1D60588D0D05DD3D006BFB54 /* Resources */,
				1D60588E0D05DD3D006BFB54 /* Sources */,
				1D60588F0D05DD3D006BFB54 /* Frameworks */,
			);
			buildRules = (
			);
			dependencies = (
			);
			name = Currency;
			productName = Currency;
			productReference = 1D6058910D05DD3D006BFB54 /* Currency.app */;
			productType = "com.apple.product-type.application";
		};
/* End PBXNativeTarget section */

/* Begin PBXProject section */
		29B97313FDCFA39411CA2CEA /* Project object */ = {
			isa = PBXProject;
			buildConfigurationList = C01FCF4E08A954540054247B /* Build configuration list for PBXProject "Currency" */;
			compatibilityVersion = "Xcode 3.1";
			hasScannedForEncodings = 1;
			mainGroup = 29B97314FDCFA39411CA2CEA /* Currency */;
			projectDirPath = "";
			projectRoot = "";
			targets = (
				1D6058900D05DD3D006BFB54 /* Currency */,
			);
		};
/* End PBXProject section */

/* Begin PBXResourcesBuildPhase section */
		1D60588D0D05DD3D006BFB54 /* Resources */ = {
			isa = PBXResourcesBuildPhase;
			buildActionMask = 2147483647;
			files = (
				28AD73880D9D96C1002E5188 /* MainWindow.xib in Resources */,
				D739E74011E794510066B8AE /* homeViewController.xib in Resources */,
				D739E74A11E79A850066B8AE /* resultViewController.xib in Resources */,
				D782E05C11EA85EB000D3803 /* Currency-data.plist in Resources */,
			);
			runOnlyForDeploymentPostprocessing = 0;
		};
/* End PBXResourcesBuildPhase section */

/* Begin PBXSourcesBuildPhase section */
		1D60588E0D05DD3D006BFB54 /* Sources */ = {
			isa = PBXSourcesBuildPhase;
			buildActionMask = 2147483647;
			files = (
				1D60589B0D05DD56006BFB54 /* main.m in Sources */,
				1D3623260D0F684500981E51 /* CurrencyAppDelegate.m in Sources */,
				D739E73F11E794510066B8AE /* homeViewController.m in Sources */,
				D739E74911E79A850066B8AE /* resultViewController.m in Sources */,
				D739E75311E7BA9D0066B8AE /* locationTableViewController.m in Sources */,
				D739E78F11E7C1080066B8AE /* recentsTableViewController.m in Sources */,
				D739E7A211E7DA740066B8AE /* currency.m in Sources */,
				D739E80E11E80EB10066B8AE /* pair.m in Sources */,
			);
			runOnlyForDeploymentPostprocessing = 0;
		};
/* End PBXSourcesBuildPhase section */

/* Begin XCBuildConfiguration section */
		1D6058940D05DD3E006BFB54 /* Debug */ = {
			isa = XCBuildConfiguration;
			buildSettings = {
				ALWAYS_SEARCH_USER_PATHS = NO;
				COPY_PHASE_STRIP = NO;
				GCC_DYNAMIC_NO_PIC = NO;
				GCC_OPTIMIZATION_LEVEL = 0;
				GCC_PRECOMPILE_PREFIX_HEADER = YES;
				GCC_PREFIX_HEADER = Currency_Prefix.pch;
				INFOPLIST_FILE = "Currency-Info.plist";
				PRODUCT_NAME = Currency;
			};
			name = Debug;
		};
		1D6058950D05DD3E006BFB54 /* Release */ = {
			isa = XCBuildConfiguration;
			buildSettings = {
				ALWAYS_SEARCH_USER_PATHS = NO;
				COPY_PHASE_STRIP = YES;
				GCC_PRECOMPILE_PREFIX_HEADER = YES;
				GCC_PREFIX_HEADER = Currency_Prefix.pch;
				INFOPLIST_FILE = "Currency-Info.plist";
				PRODUCT_NAME = Currency;
				VALIDATE_PRODUCT = YES;
			};
			name = Release;
		};
		C01FCF4F08A954540054247B /* Debug */ = {
			isa = XCBuildConfiguration;
			buildSettings = {
				ARCHS = "$(ARCHS_STANDARD_32_BIT)";
				"CODE_SIGN_IDENTITY[sdk=iphoneos*]" = "iPhone Developer";
				GCC_C_LANGUAGE_STANDARD = c99;
				GCC_WARN_ABOUT_RETURN_TYPE = YES;
				GCC_WARN_UNUSED_VARIABLE = YES;
				PREBINDING = NO;
				SDKROOT = iphoneos4.0;
			};
			name = Debug;
		};
		C01FCF5008A954540054247B /* Release */ = {
			isa = XCBuildConfiguration;
			buildSettings = {
				ARCHS = "$(ARCHS_STANDARD_32_BIT)";
				"CODE_SIGN_IDENTITY[sdk=iphoneos*]" = "iPhone Developer";
				GCC_C_LANGUAGE_STANDARD = c99;
				GCC_WARN_ABOUT_RETURN_TYPE = YES;
				GCC_WARN_UNUSED_VARIABLE = YES;
				OTHER_CFLAGS = "-DNS_BLOCK_ASSERTIONS=1";
				PREBINDING = NO;
				SDKROOT = iphoneos4.0;
			};
			name = Release;
		};
/* End XCBuildConfiguration section */

/* Begin XCConfigurationList section */
		1D6058960D05DD3E006BFB54 /* Build configuration list for PBXNativeTarget "Currency" */ = {
			isa = XCConfigurationList;
			buildConfigurations = (
				1D6058940D05DD3E006BFB54 /* Debug */,
				1D6058950D05DD3E006BFB54 /* Release */,
			);
			defaultConfigurationIsVisible = 0;
			defaultConfigurationName = Release;
		};
		C01FCF4E08A954540054247B /* Build configuration list for PBXProject "Currency" */ = {
			isa = XCConfigurationList;
			buildConfigurations = (
				C01FCF4F08A954540054247B /* Debug */,
				C01FCF5008A954540054247B /* Release */,
			);
			defaultConfigurationIsVisible = 0;
			defaultConfigurationName = Release;
		};
/* End XCConfigurationList section */
	};
	rootObject = 29B97313FDCFA39411CA2CEA /* Project object */;
}
